{
  "requires": true,
  "lockfileVersion": 1,
  "dependencies": {
    "@google/maps": {
      "version": "0.4.5",
      "resolved": "https://registry.npmjs.org/@google/maps/-/maps-0.4.5.tgz",
      "integrity": "sha1-cuuc+OfelEYZJF0Pjz+WlXHqhNg="
    },
    "aspromise": {
      "version": "0.1.0",
      "resolved": "https://registry.npmjs.org/aspromise/-/aspromise-0.1.0.tgz",
      "integrity": "sha1-YieViP/QhF8sUgmL64SofE8PUZk="
    }
  }
}
